
Microsoft Visual Studio Solution File, Format Version 12.00
# Visual Studio Version 17
VisualStudioVersion = 17.7.34031.279
MinimumVisualStudioVersion = 10.0.40219.1
Project("{9A19103F-16F7-4668-BE54-9A1E7A4F7556}") = "GestionEvenementsAPI", "GestionEvenementsAPI\GestionEvenementsAPI.csproj", "{FF7187CC-C062-4BB2-8703-0A3A913C8AA9}"
EndProject
Project("{00D1A9C2-B5F0-4AF3-8072-F6C62B433612}") = "EventsDB", "EventsDB\EventsDB.sqlproj", "{7B914C93-8D4C-4425-A71D-625E12D7CA6D}"
EndProject
Project("{FAE04EC0-301F-11D3-BF4B-00C04F79EFBC}") = "DAL_ADO", "DAL_ADO\DAL_ADO.csproj", "{76DA7F16-B184-418E-AC03-C53DC5F6B3CA}"
EndProject
Global
	GlobalSection(SolutionConfigurationPlatforms) = preSolution
		Debug|Any CPU = Debug|Any CPU
		Release|Any CPU = Release|Any CPU
	EndGlobalSection
	GlobalSection(ProjectConfigurationPlatforms) = postSolution
		{FF7187CC-C062-4BB2-8703-0A3A913C8AA9}.Debug|Any CPU.ActiveCfg = Debug|Any CPU
		{FF7187CC-C062-4BB2-8703-0A3A913C8AA9}.Debug|Any CPU.Build.0 = Debug|Any CPU
		{FF7187CC-C062-4BB2-8703-0A3A913C8AA9}.Release|Any CPU.ActiveCfg = Release|Any CPU
		{FF7187CC-C062-4BB2-8703-0A3A913C8AA9}.Release|Any CPU.Build.0 = Release|Any CPU
		{7B914C93-8D4C-4425-A71D-625E12D7CA6D}.Debug|Any CPU.ActiveCfg = Debug|Any CPU
		{7B914C93-8D4C-4425-A71D-625E12D7CA6D}.Debug|Any CPU.Build.0 = Debug|Any CPU
		{7B914C93-8D4C-4425-A71D-625E12D7CA6D}.Debug|Any CPU.Deploy.0 = Debug|Any CPU
		{7B914C93-8D4C-4425-A71D-625E12D7CA6D}.Release|Any CPU.ActiveCfg = Release|Any CPU
		{7B914C93-8D4C-4425-A71D-625E12D7CA6D}.Release|Any CPU.Build.0 = Release|Any CPU
		{7B914C93-8D4C-4425-A71D-625E12D7CA6D}.Release|Any CPU.Deploy.0 = Release|Any CPU
		{76DA7F16-B184-418E-AC03-C53DC5F6B3CA}.Debug|Any CPU.ActiveCfg = Debug|Any CPU
		{76DA7F16-B184-418E-AC03-C53DC5F6B3CA}.Debug|Any CPU.Build.0 = Debug|Any CPU
		{76DA7F16-B184-418E-AC03-C53DC5F6B3CA}.Release|Any CPU.ActiveCfg = Release|Any CPU
		{76DA7F16-B184-418E-AC03-C53DC5F6B3CA}.Release|Any CPU.Build.0 = Release|Any CPU
	EndGlobalSection
	GlobalSection(SolutionProperties) = preSolution
		HideSolutionNode = FALSE
	EndGlobalSection
	GlobalSection(ExtensibilityGlobals) = postSolution
		SolutionGuid = {A4DA7A35-866F-4FE0-986E-3694B8F0D980}
	EndGlobalSection
EndGlobal
